PODS:
  - WebEngage (6.3.2)
  - WENotificationInbox (1.0.0):
    - WebEngage (>= 6.0)

DEPENDENCIES:
  - WebEngage
  - WENotificationInbox

SPEC REPOS:
  trunk:
    - WebEngage
    - WENotificationInbox

SPEC CHECKSUMS:
  WebEngage: 93a7179c594d63f360e4c5bf21610249387bcd40
  WENotificationInbox: 81208f4751eaee0e4ccb4ac6c7566a65532b3cdd

PODFILE CHECKSUM: e7ef8417c11fcbf2dded3bc5126eac8ceca1df3d

COCOAPODS: 1.11.3
